
Microsoft Visual Studio Solution File, Format Version 12.00
# Visual Studio Version 16
VisualStudioVersion = 16.0.31112.23
MinimumVisualStudioVersion = 10.0.40219.1
Project("{FAE04EC0-301F-11D3-BF4B-00C04F79EFBC}") = "Vykazy", "Vykazy\Vykazy.csproj", "{B106E316-A0B1-4EA7-A5DB-BE8BE0D24366}"
EndProject
Global
	GlobalSection(SolutionConfigurationPlatforms) = preSolution
		Debug|Any CPU = Debug|Any CPU
		Release|Any CPU = Release|Any CPU
	EndGlobalSection
	GlobalSection(ProjectConfigurationPlatforms) = postSolution
		{B106E316-A0B1-4EA7-A5DB-BE8BE0D24366}.Debug|Any CPU.ActiveCfg = Debug|Any CPU
		{B106E316-A0B1-4EA7-A5DB-BE8BE0D24366}.Debug|Any CPU.Build.0 = Debug|Any CPU
		{B106E316-A0B1-4EA7-A5DB-BE8BE0D24366}.Release|Any CPU.ActiveCfg = Release|Any CPU
		{B106E316-A0B1-4EA7-A5DB-BE8BE0D24366}.Release|Any CPU.Build.0 = Release|Any CPU
	EndGlobalSection
	GlobalSection(SolutionProperties) = preSolution
		HideSolutionNode = FALSE
	EndGlobalSection
	GlobalSection(ExtensibilityGlobals) = postSolution
		SolutionGuid = {E6FD61BC-ADFD-476B-8111-41446692D7C7}
	EndGlobalSection
EndGlobal
